
Microsoft Visual Studio Solution File, Format Version 12.00
# Visual Studio Version 16
VisualStudioVersion = 16.0.30011.22
MinimumVisualStudioVersion = 10.0.40219.1
Project("{FAE04EC0-301F-11D3-BF4B-00C04F79EFBC}") = "xdef.codegen", "xdef.codegen\xdef.codegen.csproj", "{3B0F6629-AE62-4DE4-8909-ECD825223664}"
EndProject
Project("{2150E333-8FDC-42A3-9474-1A3956D46DE8}") = "Solution Items", "Solution Items", "{106BBCC2-2E30-47D3-95BA-D1197B84FE51}"
	ProjectSection(SolutionItems) = preProject
		.editorconfig = .editorconfig
	EndProjectSection
EndProject
Global
	GlobalSection(SolutionConfigurationPlatforms) = preSolution
		Debug|Any CPU = Debug|Any CPU
		Release|Any CPU = Release|Any CPU
	EndGlobalSection
	GlobalSection(ProjectConfigurationPlatforms) = postSolution
		{3B0F6629-AE62-4DE4-8909-ECD825223664}.Debug|Any CPU.ActiveCfg = Debug|Any CPU
		{3B0F6629-AE62-4DE4-8909-ECD825223664}.Debug|Any CPU.Build.0 = Debug|Any CPU
		{3B0F6629-AE62-4DE4-8909-ECD825223664}.Release|Any CPU.ActiveCfg = Release|Any CPU
		{3B0F6629-AE62-4DE4-8909-ECD825223664}.Release|Any CPU.Build.0 = Release|Any CPU
	EndGlobalSection
	GlobalSection(SolutionProperties) = preSolution
		HideSolutionNode = FALSE
	EndGlobalSection
	GlobalSection(ExtensibilityGlobals) = postSolution
		SolutionGuid = {31B6567F-F064-484D-A54E-2D05031FC8C2}
	EndGlobalSection
EndGlobal
