
Microsoft Visual Studio Solution File, Format Version 12.00
# Visual Studio Version 16
VisualStudioVersion = 16.0.29403.142
MinimumVisualStudioVersion = 10.0.40219.1
Project("{FAE04EC0-301F-11D3-BF4B-00C04F79EFBC}") = "xdef.net", "xdef.net\xdef.net.csproj", "{9974168A-5679-4617-B167-2C301CF6C536}"
EndProject
Global
	GlobalSection(SolutionConfigurationPlatforms) = preSolution
		Debug|Any CPU = Debug|Any CPU
		Release|Any CPU = Release|Any CPU
	EndGlobalSection
	GlobalSection(ProjectConfigurationPlatforms) = postSolution
		{9974168A-5679-4617-B167-2C301CF6C536}.Debug|Any CPU.ActiveCfg = Debug|Any CPU
		{9974168A-5679-4617-B167-2C301CF6C536}.Debug|Any CPU.Build.0 = Debug|Any CPU
		{9974168A-5679-4617-B167-2C301CF6C536}.Release|Any CPU.ActiveCfg = Release|Any CPU
		{9974168A-5679-4617-B167-2C301CF6C536}.Release|Any CPU.Build.0 = Release|Any CPU
	EndGlobalSection
	GlobalSection(SolutionProperties) = preSolution
		HideSolutionNode = FALSE
	EndGlobalSection
	GlobalSection(ExtensibilityGlobals) = postSolution
		SolutionGuid = {F9D09377-C878-4648-BA51-64E8A42A95FD}
	EndGlobalSection
EndGlobal
